
Microsoft Visual Studio Solution File, Format Version 12.00
# Visual Studio Version 17
VisualStudioVersion = 17.0.31903.59
MinimumVisualStudioVersion = 10.0.40219.1
Project("{2150E333-8FDC-42A3-9474-1A3956D46DE8}") = "src", "src", "{827E0CD3-B72D-47B6-A68D-7590B98EB39B}"
EndProject
Project("{FAE04EC0-301F-11D3-BF4B-00C04F79EFBC}") = "submit_feedback_http_trigger", "src\httptrigger\submit_feedback_http_trigger.csproj", "{EA5C784A-12B0-4901-82A9-C9E60A15EB2A}"
EndProject
Project("{FAE04EC0-301F-11D3-BF4B-00C04F79EFBC}") = "api", "src\api\api.csproj", "{130EEA6A-F370-45A8-A416-7BCC16A96CDB}"
EndProject
Project("{FAE04EC0-301F-11D3-BF4B-00C04F79EFBC}") = "TimerDemo", "src\TimerDemo\TimerDemo.csproj", "{A89AC5EB-C5EA-4CDE-843E-A68BFA7EC976}"
EndProject
Project("{FAE04EC0-301F-11D3-BF4B-00C04F79EFBC}") = "CreateOrder", "src\OrderProcess\CreateOrder\CreateOrder.csproj", "{2203B5B1-F87E-4F28-B525-526CAB8EDDD2}"
EndProject
Project("{2150E333-8FDC-42A3-9474-1A3956D46DE8}") = "OrderProcess", "OrderProcess", "{02EA681E-C7D8-13C7-8484-4AC65E1B71E8}"
EndProject
Project("{FAE04EC0-301F-11D3-BF4B-00C04F79EFBC}") = "ProcessOrder", "src\OrderProcess\ProcessOrder\ProcessOrder.csproj", "{8738694A-363E-4AAE-95F1-1A911302363E}"
EndProject
Project("{FAE04EC0-301F-11D3-BF4B-00C04F79EFBC}") = "Shared", "src\OrderProcess\Shared\Shared.csproj", "{20359946-CE51-4BCE-8792-0B6CA2AB7366}"
EndProject
Global
	GlobalSection(SolutionConfigurationPlatforms) = preSolution
		Debug|Any CPU = Debug|Any CPU
		Debug|x64 = Debug|x64
		Debug|x86 = Debug|x86
		Release|Any CPU = Release|Any CPU
		Release|x64 = Release|x64
		Release|x86 = Release|x86
	EndGlobalSection
	GlobalSection(ProjectConfigurationPlatforms) = postSolution
		{EA5C784A-12B0-4901-82A9-C9E60A15EB2A}.Debug|Any CPU.ActiveCfg = Debug|Any CPU
		{EA5C784A-12B0-4901-82A9-C9E60A15EB2A}.Debug|Any CPU.Build.0 = Debug|Any CPU
		{EA5C784A-12B0-4901-82A9-C9E60A15EB2A}.Debug|x64.ActiveCfg = Debug|Any CPU
		{EA5C784A-12B0-4901-82A9-C9E60A15EB2A}.Debug|x64.Build.0 = Debug|Any CPU
		{EA5C784A-12B0-4901-82A9-C9E60A15EB2A}.Debug|x86.ActiveCfg = Debug|Any CPU
		{EA5C784A-12B0-4901-82A9-C9E60A15EB2A}.Debug|x86.Build.0 = Debug|Any CPU
		{EA5C784A-12B0-4901-82A9-C9E60A15EB2A}.Release|Any CPU.ActiveCfg = Release|Any CPU
		{EA5C784A-12B0-4901-82A9-C9E60A15EB2A}.Release|Any CPU.Build.0 = Release|Any CPU
		{EA5C784A-12B0-4901-82A9-C9E60A15EB2A}.Release|x64.ActiveCfg = Release|Any CPU
		{EA5C784A-12B0-4901-82A9-C9E60A15EB2A}.Release|x64.Build.0 = Release|Any CPU
		{EA5C784A-12B0-4901-82A9-C9E60A15EB2A}.Release|x86.ActiveCfg = Release|Any CPU
		{EA5C784A-12B0-4901-82A9-C9E60A15EB2A}.Release|x86.Build.0 = Release|Any CPU
		{130EEA6A-F370-45A8-A416-7BCC16A96CDB}.Debug|Any CPU.ActiveCfg = Debug|Any CPU
		{130EEA6A-F370-45A8-A416-7BCC16A96CDB}.Debug|Any CPU.Build.0 = Debug|Any CPU
		{130EEA6A-F370-45A8-A416-7BCC16A96CDB}.Debug|x64.ActiveCfg = Debug|Any CPU
		{130EEA6A-F370-45A8-A416-7BCC16A96CDB}.Debug|x64.Build.0 = Debug|Any CPU
		{130EEA6A-F370-45A8-A416-7BCC16A96CDB}.Debug|x86.ActiveCfg = Debug|Any CPU
		{130EEA6A-F370-45A8-A416-7BCC16A96CDB}.Debug|x86.Build.0 = Debug|Any CPU
		{130EEA6A-F370-45A8-A416-7BCC16A96CDB}.Release|Any CPU.ActiveCfg = Release|Any CPU
		{130EEA6A-F370-45A8-A416-7BCC16A96CDB}.Release|Any CPU.Build.0 = Release|Any CPU
		{130EEA6A-F370-45A8-A416-7BCC16A96CDB}.Release|x64.ActiveCfg = Release|Any CPU
		{130EEA6A-F370-45A8-A416-7BCC16A96CDB}.Release|x64.Build.0 = Release|Any CPU
		{130EEA6A-F370-45A8-A416-7BCC16A96CDB}.Release|x86.ActiveCfg = Release|Any CPU
		{130EEA6A-F370-45A8-A416-7BCC16A96CDB}.Release|x86.Build.0 = Release|Any CPU
		{A89AC5EB-C5EA-4CDE-843E-A68BFA7EC976}.Debug|Any CPU.ActiveCfg = Debug|Any CPU
		{A89AC5EB-C5EA-4CDE-843E-A68BFA7EC976}.Debug|Any CPU.Build.0 = Debug|Any CPU
		{A89AC5EB-C5EA-4CDE-843E-A68BFA7EC976}.Debug|x64.ActiveCfg = Debug|Any CPU
		{A89AC5EB-C5EA-4CDE-843E-A68BFA7EC976}.Debug|x64.Build.0 = Debug|Any CPU
		{A89AC5EB-C5EA-4CDE-843E-A68BFA7EC976}.Debug|x86.ActiveCfg = Debug|Any CPU
		{A89AC5EB-C5EA-4CDE-843E-A68BFA7EC976}.Debug|x86.Build.0 = Debug|Any CPU
		{A89AC5EB-C5EA-4CDE-843E-A68BFA7EC976}.Release|Any CPU.ActiveCfg = Release|Any CPU
		{A89AC5EB-C5EA-4CDE-843E-A68BFA7EC976}.Release|Any CPU.Build.0 = Release|Any CPU
		{A89AC5EB-C5EA-4CDE-843E-A68BFA7EC976}.Release|x64.ActiveCfg = Release|Any CPU
		{A89AC5EB-C5EA-4CDE-843E-A68BFA7EC976}.Release|x64.Build.0 = Release|Any CPU
		{A89AC5EB-C5EA-4CDE-843E-A68BFA7EC976}.Release|x86.ActiveCfg = Release|Any CPU
		{A89AC5EB-C5EA-4CDE-843E-A68BFA7EC976}.Release|x86.Build.0 = Release|Any CPU
		{2203B5B1-F87E-4F28-B525-526CAB8EDDD2}.Debug|Any CPU.ActiveCfg = Debug|Any CPU
		{2203B5B1-F87E-4F28-B525-526CAB8EDDD2}.Debug|Any CPU.Build.0 = Debug|Any CPU
		{2203B5B1-F87E-4F28-B525-526CAB8EDDD2}.Debug|x64.ActiveCfg = Debug|Any CPU
		{2203B5B1-F87E-4F28-B525-526CAB8EDDD2}.Debug|x64.Build.0 = Debug|Any CPU
		{2203B5B1-F87E-4F28-B525-526CAB8EDDD2}.Debug|x86.ActiveCfg = Debug|Any CPU
		{2203B5B1-F87E-4F28-B525-526CAB8EDDD2}.Debug|x86.Build.0 = Debug|Any CPU
		{2203B5B1-F87E-4F28-B525-526CAB8EDDD2}.Release|Any CPU.ActiveCfg = Release|Any CPU
		{2203B5B1-F87E-4F28-B525-526CAB8EDDD2}.Release|Any CPU.Build.0 = Release|Any CPU
		{2203B5B1-F87E-4F28-B525-526CAB8EDDD2}.Release|x64.ActiveCfg = Release|Any CPU
		{2203B5B1-F87E-4F28-B525-526CAB8EDDD2}.Release|x64.Build.0 = Release|Any CPU
		{2203B5B1-F87E-4F28-B525-526CAB8EDDD2}.Release|x86.ActiveCfg = Release|Any CPU
		{2203B5B1-F87E-4F28-B525-526CAB8EDDD2}.Release|x86.Build.0 = Release|Any CPU
		{8738694A-363E-4AAE-95F1-1A911302363E}.Debug|Any CPU.ActiveCfg = Debug|Any CPU
		{8738694A-363E-4AAE-95F1-1A911302363E}.Debug|Any CPU.Build.0 = Debug|Any CPU
		{8738694A-363E-4AAE-95F1-1A911302363E}.Debug|x64.ActiveCfg = Debug|Any CPU
		{8738694A-363E-4AAE-95F1-1A911302363E}.Debug|x64.Build.0 = Debug|Any CPU
		{8738694A-363E-4AAE-95F1-1A911302363E}.Debug|x86.ActiveCfg = Debug|Any CPU
		{8738694A-363E-4AAE-95F1-1A911302363E}.Debug|x86.Build.0 = Debug|Any CPU
		{8738694A-363E-4AAE-95F1-1A911302363E}.Release|Any CPU.ActiveCfg = Release|Any CPU
		{8738694A-363E-4AAE-95F1-1A911302363E}.Release|Any CPU.Build.0 = Release|Any CPU
		{8738694A-363E-4AAE-95F1-1A911302363E}.Release|x64.ActiveCfg = Release|Any CPU
		{8738694A-363E-4AAE-95F1-1A911302363E}.Release|x64.Build.0 = Release|Any CPU
		{8738694A-363E-4AAE-95F1-1A911302363E}.Release|x86.ActiveCfg = Release|Any CPU
		{8738694A-363E-4AAE-95F1-1A911302363E}.Release|x86.Build.0 = Release|Any CPU
		{20359946-CE51-4BCE-8792-0B6CA2AB7366}.Debug|Any CPU.ActiveCfg = Debug|Any CPU
		{20359946-CE51-4BCE-8792-0B6CA2AB7366}.Debug|Any CPU.Build.0 = Debug|Any CPU
		{20359946-CE51-4BCE-8792-0B6CA2AB7366}.Debug|x64.ActiveCfg = Debug|Any CPU
		{20359946-CE51-4BCE-8792-0B6CA2AB7366}.Debug|x64.Build.0 = Debug|Any CPU
		{20359946-CE51-4BCE-8792-0B6CA2AB7366}.Debug|x86.ActiveCfg = Debug|Any CPU
		{20359946-CE51-4BCE-8792-0B6CA2AB7366}.Debug|x86.Build.0 = Debug|Any CPU
		{20359946-CE51-4BCE-8792-0B6CA2AB7366}.Release|Any CPU.ActiveCfg = Release|Any CPU
		{20359946-CE51-4BCE-8792-0B6CA2AB7366}.Release|Any CPU.Build.0 = Release|Any CPU
		{20359946-CE51-4BCE-8792-0B6CA2AB7366}.Release|x64.ActiveCfg = Release|Any CPU
		{20359946-CE51-4BCE-8792-0B6CA2AB7366}.Release|x64.Build.0 = Release|Any CPU
		{20359946-CE51-4BCE-8792-0B6CA2AB7366}.Release|x86.ActiveCfg = Release|Any CPU
		{20359946-CE51-4BCE-8792-0B6CA2AB7366}.Release|x86.Build.0 = Release|Any CPU
	EndGlobalSection
	GlobalSection(SolutionProperties) = preSolution
		HideSolutionNode = FALSE
	EndGlobalSection
	GlobalSection(NestedProjects) = preSolution
		{EA5C784A-12B0-4901-82A9-C9E60A15EB2A} = {827E0CD3-B72D-47B6-A68D-7590B98EB39B}
		{130EEA6A-F370-45A8-A416-7BCC16A96CDB} = {827E0CD3-B72D-47B6-A68D-7590B98EB39B}
		{A89AC5EB-C5EA-4CDE-843E-A68BFA7EC976} = {827E0CD3-B72D-47B6-A68D-7590B98EB39B}
		{2203B5B1-F87E-4F28-B525-526CAB8EDDD2} = {02EA681E-C7D8-13C7-8484-4AC65E1B71E8}
		{02EA681E-C7D8-13C7-8484-4AC65E1B71E8} = {827E0CD3-B72D-47B6-A68D-7590B98EB39B}
		{8738694A-363E-4AAE-95F1-1A911302363E} = {02EA681E-C7D8-13C7-8484-4AC65E1B71E8}
		{20359946-CE51-4BCE-8792-0B6CA2AB7366} = {02EA681E-C7D8-13C7-8484-4AC65E1B71E8}
	EndGlobalSection
	GlobalSection(ExtensibilityGlobals) = postSolution
		SolutionGuid = {D7C1583A-9ED2-46B2-8ECF-471184BC1E66}
	EndGlobalSection
EndGlobal
